
Microsoft Visual Studio Solution File, Format Version 12.00
# Visual Studio Version 17
VisualStudioVersion = 17.14.36203.30 d17.14
MinimumVisualStudioVersion = 10.0.40219.1
Project("{FAE04EC0-301F-11D3-BF4B-00C04F79EFBC}") = "login2fa", "login2fa.csproj", "{5297929B-7277-4860-BAE0-D5C14C8AD62B}"
EndProject
Global
	GlobalSection(SolutionConfigurationPlatforms) = preSolution
		Debug|Any CPU = Debug|Any CPU
		Release|Any CPU = Release|Any CPU
	EndGlobalSection
	GlobalSection(ProjectConfigurationPlatforms) = postSolution
		{5297929B-7277-4860-BAE0-D5C14C8AD62B}.Debug|Any CPU.ActiveCfg = Debug|Any CPU
		{5297929B-7277-4860-BAE0-D5C14C8AD62B}.Debug|Any CPU.Build.0 = Debug|Any CPU
		{5297929B-7277-4860-BAE0-D5C14C8AD62B}.Release|Any CPU.ActiveCfg = Release|Any CPU
		{5297929B-7277-4860-BAE0-D5C14C8AD62B}.Release|Any CPU.Build.0 = Release|Any CPU
	EndGlobalSection
	GlobalSection(SolutionProperties) = preSolution
		HideSolutionNode = FALSE
	EndGlobalSection
	GlobalSection(ExtensibilityGlobals) = postSolution
		SolutionGuid = {CC0D5FB0-B37D-4E02-B238-C1B72894DE75}
	EndGlobalSection
EndGlobal
